
Microsoft Visual Studio Solution File, Format Version 12.00
# Visual Studio Version 17
VisualStudioVersion = 17.14.36109.1
MinimumVisualStudioVersion = 10.0.40219.1
Project("{FAE04EC0-301F-11D3-BF4B-00C04F79EFBC}") = "BusinessObjects", "BusinessObjects\BusinessObjects.csproj", "{7D313E63-F138-488B-87B2-5A53E40CBD2F}"
EndProject
Project("{FAE04EC0-301F-11D3-BF4B-00C04F79EFBC}") = "DataAccessLayer", "DataAccessLayer\DataAccessLayer.csproj", "{EB4F8916-1B23-44DD-AE38-427FA384025E}"
EndProject
Project("{FAE04EC0-301F-11D3-BF4B-00C04F79EFBC}") = "Repositories", "Repositories\Repositories.csproj", "{ECF0B45A-20AC-491A-9551-0FAB194BA78D}"
EndProject
Project("{FAE04EC0-301F-11D3-BF4B-00C04F79EFBC}") = "Services", "Services\Services.csproj", "{956AB8BD-0528-40CD-B8AC-99EDE3F5430F}"
EndProject
Project("{FAE04EC0-301F-11D3-BF4B-00C04F79EFBC}") = "LeQuocVietWPF", "LeQuocVietWPF\LeQuocVietWPF.csproj", "{7E06D656-6749-4146-84DA-4E42DB7E11A5}"
EndProject
Global
	GlobalSection(SolutionConfigurationPlatforms) = preSolution
		Debug|Any CPU = Debug|Any CPU
		Release|Any CPU = Release|Any CPU
	EndGlobalSection
	GlobalSection(ProjectConfigurationPlatforms) = postSolution
		{7D313E63-F138-488B-87B2-5A53E40CBD2F}.Debug|Any CPU.ActiveCfg = Debug|Any CPU
		{7D313E63-F138-488B-87B2-5A53E40CBD2F}.Debug|Any CPU.Build.0 = Debug|Any CPU
		{7D313E63-F138-488B-87B2-5A53E40CBD2F}.Release|Any CPU.ActiveCfg = Release|Any CPU
		{7D313E63-F138-488B-87B2-5A53E40CBD2F}.Release|Any CPU.Build.0 = Release|Any CPU
		{EB4F8916-1B23-44DD-AE38-427FA384025E}.Debug|Any CPU.ActiveCfg = Debug|Any CPU
		{EB4F8916-1B23-44DD-AE38-427FA384025E}.Debug|Any CPU.Build.0 = Debug|Any CPU
		{EB4F8916-1B23-44DD-AE38-427FA384025E}.Release|Any CPU.ActiveCfg = Release|Any CPU
		{EB4F8916-1B23-44DD-AE38-427FA384025E}.Release|Any CPU.Build.0 = Release|Any CPU
		{ECF0B45A-20AC-491A-9551-0FAB194BA78D}.Debug|Any CPU.ActiveCfg = Debug|Any CPU
		{ECF0B45A-20AC-491A-9551-0FAB194BA78D}.Debug|Any CPU.Build.0 = Debug|Any CPU
		{ECF0B45A-20AC-491A-9551-0FAB194BA78D}.Release|Any CPU.ActiveCfg = Release|Any CPU
		{ECF0B45A-20AC-491A-9551-0FAB194BA78D}.Release|Any CPU.Build.0 = Release|Any CPU
		{956AB8BD-0528-40CD-B8AC-99EDE3F5430F}.Debug|Any CPU.ActiveCfg = Debug|Any CPU
		{956AB8BD-0528-40CD-B8AC-99EDE3F5430F}.Debug|Any CPU.Build.0 = Debug|Any CPU
		{956AB8BD-0528-40CD-B8AC-99EDE3F5430F}.Release|Any CPU.ActiveCfg = Release|Any CPU
		{956AB8BD-0528-40CD-B8AC-99EDE3F5430F}.Release|Any CPU.Build.0 = Release|Any CPU
		{7E06D656-6749-4146-84DA-4E42DB7E11A5}.Debug|Any CPU.ActiveCfg = Debug|Any CPU
		{7E06D656-6749-4146-84DA-4E42DB7E11A5}.Debug|Any CPU.Build.0 = Debug|Any CPU
		{7E06D656-6749-4146-84DA-4E42DB7E11A5}.Release|Any CPU.ActiveCfg = Release|Any CPU
		{7E06D656-6749-4146-84DA-4E42DB7E11A5}.Release|Any CPU.Build.0 = Release|Any CPU
	EndGlobalSection
	GlobalSection(SolutionProperties) = preSolution
		HideSolutionNode = FALSE
	EndGlobalSection
	GlobalSection(ExtensibilityGlobals) = postSolution
		SolutionGuid = {EB151A71-DBA8-4C2A-9E32-2E8541ABFA0F}
	EndGlobalSection
EndGlobal
