
Microsoft Visual Studio Solution File, Format Version 12.00
# Visual Studio Version 17
VisualStudioVersion = 17.13.35931.197
MinimumVisualStudioVersion = 10.0.40219.1
Project("{FAE04EC0-301F-11D3-BF4B-00C04F79EFBC}") = "FirstProject", "FirstProject\FirstProject.csproj", "{4743A698-A7E5-446F-9773-8E7998EEDB5B}"
EndProject
Project("{FAE04EC0-301F-11D3-BF4B-00C04F79EFBC}") = "SecondProject", "SecondProject\SecondProject.csproj", "{4B271A24-FA40-42A7-8481-F1C8C2BD3FBD}"
EndProject
Project("{FAE04EC0-301F-11D3-BF4B-00C04F79EFBC}") = "FirstDegree", "FirstDegree\FirstDegree.csproj", "{E124964C-2207-4126-98BD-0B274025CA7D}"
EndProject
Project("{FAE04EC0-301F-11D3-BF4B-00C04F79EFBC}") = "QuadraticDegree", "QuadraticDegree\QuadraticDegree.csproj", "{B316C3BC-2113-46BE-9BC7-AA8B822A112B}"
EndProject
Project("{FAE04EC0-301F-11D3-BF4B-00C04F79EFBC}") = "StringInteraption", "StringInteraption\StringInteraption.csproj", "{FA969CD9-9210-4192-9ECE-0D817CE6ACA0}"
EndProject
Project("{FAE04EC0-301F-11D3-BF4B-00C04F79EFBC}") = "SimpleMath", "SimpleMath\SimpleMath.csproj", "{C7374520-AFD6-487C-9FF2-3E1E236D2CBF}"
EndProject
Project("{FAE04EC0-301F-11D3-BF4B-00C04F79EFBC}") = "RefAndOutSample", "RefAndOutSample\RefAndOutSample.csproj", "{F2DD6769-DBB1-45E4-A477-D323D3BF6502}"
EndProject
Project("{FAE04EC0-301F-11D3-BF4B-00C04F79EFBC}") = "TryParseSample", "TypeParseSample\TryParseSample.csproj", "{747521BF-F03C-42B5-A21A-27440FE3E60F}"
EndProject
Project("{FAE04EC0-301F-11D3-BF4B-00C04F79EFBC}") = "ParamSample", "ParamSample\ParamSample.csproj", "{668197C2-C8D9-4B08-B9A2-4EEFEF6D93C4}"
EndProject
Project("{FAE04EC0-301F-11D3-BF4B-00C04F79EFBC}") = "TuplesSample", "TuplesSample\TuplesSample.csproj", "{49467087-6D28-4CB1-9569-BDE03F95C507}"
EndProject
Project("{FAE04EC0-301F-11D3-BF4B-00C04F79EFBC}") = "NestedLoop_Sort", "NestedLoop_Sort\NestedLoop_Sort.csproj", "{5B863B6E-8564-4CC6-87C0-BF9E35F72005}"
EndProject
Project("{FAE04EC0-301F-11D3-BF4B-00C04F79EFBC}") = "NestedLoop_Shape", "NestedLoop_Shape\NestedLoop_Shape.csproj", "{12C7AA2A-05E6-476F-A15A-4C4712D92717}"
EndProject
Project("{FAE04EC0-301F-11D3-BF4B-00C04F79EFBC}") = "OOP1", "OOP1\OOP1.csproj", "{599176C8-BCE4-4EEC-AD0B-A1890AF6CC67}"
EndProject
Project("{FAE04EC0-301F-11D3-BF4B-00C04F79EFBC}") = "OOP2", "OOP2\OOP2.csproj", "{AFCEF9FE-1B21-4522-A2F7-C1E28C9EC4C6}"
EndProject
Project("{FAE04EC0-301F-11D3-BF4B-00C04F79EFBC}") = "OOP3_ExtensionMethod", "OOP3_ExtensionMethod\OOP3_ExtensionMethod.csproj", "{8C6C5DA9-4AC7-4A64-B688-439651663265}"
EndProject
Project("{FAE04EC0-301F-11D3-BF4B-00C04F79EFBC}") = "OOP4_ReuseOOP2", "OOP4_ReuseOOP2\OOP4_ReuseOOP2.csproj", "{F9C25C40-FDFA-4497-917C-0F5A50A0A045}"
EndProject
Project("{FAE04EC0-301F-11D3-BF4B-00C04F79EFBC}") = "OOP5_GenericList", "OOP5_GenericList\OOP5_GenericList.csproj", "{38C055A3-7DDE-44A3-BD82-9CE8A9447EB6}"
EndProject
Project("{FAE04EC0-301F-11D3-BF4B-00C04F79EFBC}") = "OOP6_Dictionary", "OOP6_Dictionary\OOP6_Dictionary.csproj", "{55AC9A6C-83BC-44C6-A07D-A61EBCFC1C6C}"
EndProject
Project("{2150E333-8FDC-42A3-9474-1A3956D46DE8}") = "Chapter5", "Chapter5", "{02EA681E-C7D8-13C7-8484-4AC65E1B71E8}"
EndProject
Project("{FAE04EC0-301F-11D3-BF4B-00C04F79EFBC}") = "FactoriesPattern", "FactoriesPattern\FactoriesPattern.csproj", "{15ADFCBE-9B56-7B0A-7AE5-771D29B1F4C9}"
EndProject
Project("{FAE04EC0-301F-11D3-BF4B-00C04F79EFBC}") = "BuilderPattern", "BuilderPattern\BuilderPattern.csproj", "{044DE341-433F-5702-4D82-2BB3FD3832E3}"
EndProject
Project("{FAE04EC0-301F-11D3-BF4B-00C04F79EFBC}") = "PrototypePattern", "PrototypePattern\PrototypePattern.csproj", "{92C92FD4-253A-352A-CA1D-8ACA5E5F3868}"
EndProject
Project("{FAE04EC0-301F-11D3-BF4B-00C04F79EFBC}") = "SingletonPattern", "SingletonPattern\SingletonPattern.csproj", "{FABC0CC8-7E79-3D9B-8D56-17C4207BB104}"
EndProject
Project("{FAE04EC0-301F-11D3-BF4B-00C04F79EFBC}") = "ObserverPattern", "ObserverPattern\ObserverPattern.csproj", "{FEBF851F-917B-C45E-D2B8-7873FE9FDB40}"
EndProject
Project("{FAE04EC0-301F-11D3-BF4B-00C04F79EFBC}") = "DemoAliasClone", "DemoAliasClone\DemoAliasClone.csproj", "{020FEBEF-172F-4BCB-9E6B-A0CD937D9B37}"
EndProject
Project("{2150E333-8FDC-42A3-9474-1A3956D46DE8}") = "Chaper6", "Chaper6", "{92380172-E4DC-4516-BF5B-844FB3C2FDB9}"
EndProject
Project("{FAE04EC0-301F-11D3-BF4B-00C04F79EFBC}") = "Demo_Delegate", "Demo_Delegate\Demo_Delegate.csproj", "{5C6CEF8E-1052-448E-9E57-5AE8BE92E7F0}"
EndProject
Project("{FAE04EC0-301F-11D3-BF4B-00C04F79EFBC}") = "DemoLNIQ2Object", "DemoLNIQ2Object\DemoLNIQ2Object.csproj", "{E240D6BA-4109-416D-8E6D-915F6B308832}"
EndProject
Project("{FAE04EC0-301F-11D3-BF4B-00C04F79EFBC}") = "DemoLINQ2ObjectModelClass", "DemoLINQ2ObjectModelClass\DemoLINQ2ObjectModelClass.csproj", "{9488612E-48B4-4BBE-88CC-7272B51A9759}"
EndProject
Project("{FAE04EC0-301F-11D3-BF4B-00C04F79EFBC}") = "DemoLINQ2SQL", "DemoLINQ2SQL\DemoLINQ2SQL.csproj", "{77782808-150B-4121-ADC7-94D5459B70C7}"
EndProject
Project("{FAE04EC0-301F-11D3-BF4B-00C04F79EFBC}") = "Lucy_SalesDataManagement", "Lucy_SalesDataManagement\Lucy_SalesDataManagement.csproj", "{9B016459-ADEB-4DFD-8210-79AC497CA2EE}"
EndProject
Project("{2150E333-8FDC-42A3-9474-1A3956D46DE8}") = "Chapter7", "Chapter7", "{3D45DE28-8EFB-4AF0-8CAD-EF185985D59C}"
EndProject
Project("{FAE04EC0-301F-11D3-BF4B-00C04F79EFBC}") = "HelloWpfApp", "HelloWpfApp\HelloWpfApp.csproj", "{DA81F099-9223-4D60-8D44-C606EA77A92A}"
EndProject
Project("{FAE04EC0-301F-11D3-BF4B-00C04F79EFBC}") = "ButtonControl_TongHop", "ButtonControl_TongHop\ButtonControl_TongHop.csproj", "{0CCDFB2A-4F6D-42A5-8B42-7EF30279CC9F}"
EndProject
Project("{FAE04EC0-301F-11D3-BF4B-00C04F79EFBC}") = "CheckBoxControlEvent", "CheckBoxEvent\CheckBoxControlEvent.csproj", "{1A48D289-D00F-443D-ACAC-8A12AC64FA2E}"
EndProject
Project("{FAE04EC0-301F-11D3-BF4B-00C04F79EFBC}") = "RadioButtonControl", "RadioButtonControl\RadioButtonControl.csproj", "{B2991634-5047-415B-8F3C-D540D94BFC10}"
EndProject
Project("{FAE04EC0-301F-11D3-BF4B-00C04F79EFBC}") = "ListWpf", "ListWpf\ListWpf.csproj", "{7FFEE449-7DC1-4740-BFAF-875E61488EA3}"
EndProject
Project("{2150E333-8FDC-42A3-9474-1A3956D46DE8}") = "Chapter7-MultiTier", "Chapter7-MultiTier", "{627812CA-5872-49BC-9AE5-295D5876684E}"
EndProject
Project("{FAE04EC0-301F-11D3-BF4B-00C04F79EFBC}") = "BusinessObject", "BusinessObject\BusinessObject.csproj", "{30B4817A-7DAF-491A-9684-D539D9501A54}"
EndProject
Project("{FAE04EC0-301F-11D3-BF4B-00C04F79EFBC}") = "DataAccessLayer", "DataAccessLayer\DataAccessLayer.csproj", "{D9F797E9-A875-42FD-9B56-554398F82764}"
EndProject
Project("{FAE04EC0-301F-11D3-BF4B-00C04F79EFBC}") = "Repositories", "Repositories\Repositories.csproj", "{6686D88B-A0E7-4CD2-8098-819F368B9582}"
EndProject
Project("{FAE04EC0-301F-11D3-BF4B-00C04F79EFBC}") = "Services", "Services\Services.csproj", "{DACE426D-71AE-4CFC-A0C3-097C38DBDE0F}"
EndProject
Project("{FAE04EC0-301F-11D3-BF4B-00C04F79EFBC}") = "WpfApp", "WpfApp\WpfApp.csproj", "{468A7841-4787-4452-BF0D-22CB93864359}"
EndProject
Project("{2150E333-8FDC-42A3-9474-1A3956D46DE8}") = "Chapter7_TreeView", "Chapter7_TreeView", "{83864616-49B6-4D11-910A-44B563D07AE5}"
EndProject
Project("{FAE04EC0-301F-11D3-BF4B-00C04F79EFBC}") = "TreeViewWpfApp", "TreeViewWpfApp\TreeViewWpfApp.csproj", "{32E8E25C-36CE-4400-BF99-A89495CA86B3}"
EndProject
Global
	GlobalSection(SolutionConfigurationPlatforms) = preSolution
		Debug|Any CPU = Debug|Any CPU
		Release|Any CPU = Release|Any CPU
	EndGlobalSection
	GlobalSection(ProjectConfigurationPlatforms) = postSolution
		{4743A698-A7E5-446F-9773-8E7998EEDB5B}.Debug|Any CPU.ActiveCfg = Debug|Any CPU
		{4743A698-A7E5-446F-9773-8E7998EEDB5B}.Debug|Any CPU.Build.0 = Debug|Any CPU
		{4743A698-A7E5-446F-9773-8E7998EEDB5B}.Release|Any CPU.ActiveCfg = Release|Any CPU
		{4743A698-A7E5-446F-9773-8E7998EEDB5B}.Release|Any CPU.Build.0 = Release|Any CPU
		{4B271A24-FA40-42A7-8481-F1C8C2BD3FBD}.Debug|Any CPU.ActiveCfg = Debug|Any CPU
		{4B271A24-FA40-42A7-8481-F1C8C2BD3FBD}.Debug|Any CPU.Build.0 = Debug|Any CPU
		{4B271A24-FA40-42A7-8481-F1C8C2BD3FBD}.Release|Any CPU.ActiveCfg = Release|Any CPU
		{4B271A24-FA40-42A7-8481-F1C8C2BD3FBD}.Release|Any CPU.Build.0 = Release|Any CPU
		{E124964C-2207-4126-98BD-0B274025CA7D}.Debug|Any CPU.ActiveCfg = Debug|Any CPU
		{E124964C-2207-4126-98BD-0B274025CA7D}.Debug|Any CPU.Build.0 = Debug|Any CPU
		{E124964C-2207-4126-98BD-0B274025CA7D}.Release|Any CPU.ActiveCfg = Release|Any CPU
		{E124964C-2207-4126-98BD-0B274025CA7D}.Release|Any CPU.Build.0 = Release|Any CPU
		{B316C3BC-2113-46BE-9BC7-AA8B822A112B}.Debug|Any CPU.ActiveCfg = Debug|Any CPU
		{B316C3BC-2113-46BE-9BC7-AA8B822A112B}.Debug|Any CPU.Build.0 = Debug|Any CPU
		{B316C3BC-2113-46BE-9BC7-AA8B822A112B}.Release|Any CPU.ActiveCfg = Release|Any CPU
		{B316C3BC-2113-46BE-9BC7-AA8B822A112B}.Release|Any CPU.Build.0 = Release|Any CPU
		{FA969CD9-9210-4192-9ECE-0D817CE6ACA0}.Debug|Any CPU.ActiveCfg = Debug|Any CPU
		{FA969CD9-9210-4192-9ECE-0D817CE6ACA0}.Debug|Any CPU.Build.0 = Debug|Any CPU
		{FA969CD9-9210-4192-9ECE-0D817CE6ACA0}.Release|Any CPU.ActiveCfg = Release|Any CPU
		{FA969CD9-9210-4192-9ECE-0D817CE6ACA0}.Release|Any CPU.Build.0 = Release|Any CPU
		{C7374520-AFD6-487C-9FF2-3E1E236D2CBF}.Debug|Any CPU.ActiveCfg = Debug|Any CPU
		{C7374520-AFD6-487C-9FF2-3E1E236D2CBF}.Debug|Any CPU.Build.0 = Debug|Any CPU
		{C7374520-AFD6-487C-9FF2-3E1E236D2CBF}.Release|Any CPU.ActiveCfg = Release|Any CPU
		{C7374520-AFD6-487C-9FF2-3E1E236D2CBF}.Release|Any CPU.Build.0 = Release|Any CPU
		{F2DD6769-DBB1-45E4-A477-D323D3BF6502}.Debug|Any CPU.ActiveCfg = Debug|Any CPU
		{F2DD6769-DBB1-45E4-A477-D323D3BF6502}.Debug|Any CPU.Build.0 = Debug|Any CPU
		{F2DD6769-DBB1-45E4-A477-D323D3BF6502}.Release|Any CPU.ActiveCfg = Release|Any CPU
		{F2DD6769-DBB1-45E4-A477-D323D3BF6502}.Release|Any CPU.Build.0 = Release|Any CPU
		{747521BF-F03C-42B5-A21A-27440FE3E60F}.Debug|Any CPU.ActiveCfg = Debug|Any CPU
		{747521BF-F03C-42B5-A21A-27440FE3E60F}.Debug|Any CPU.Build.0 = Debug|Any CPU
		{747521BF-F03C-42B5-A21A-27440FE3E60F}.Release|Any CPU.ActiveCfg = Release|Any CPU
		{747521BF-F03C-42B5-A21A-27440FE3E60F}.Release|Any CPU.Build.0 = Release|Any CPU
		{668197C2-C8D9-4B08-B9A2-4EEFEF6D93C4}.Debug|Any CPU.ActiveCfg = Debug|Any CPU
		{668197C2-C8D9-4B08-B9A2-4EEFEF6D93C4}.Debug|Any CPU.Build.0 = Debug|Any CPU
		{668197C2-C8D9-4B08-B9A2-4EEFEF6D93C4}.Release|Any CPU.ActiveCfg = Release|Any CPU
		{668197C2-C8D9-4B08-B9A2-4EEFEF6D93C4}.Release|Any CPU.Build.0 = Release|Any CPU
		{49467087-6D28-4CB1-9569-BDE03F95C507}.Debug|Any CPU.ActiveCfg = Debug|Any CPU
		{49467087-6D28-4CB1-9569-BDE03F95C507}.Debug|Any CPU.Build.0 = Debug|Any CPU
		{49467087-6D28-4CB1-9569-BDE03F95C507}.Release|Any CPU.ActiveCfg = Release|Any CPU
		{49467087-6D28-4CB1-9569-BDE03F95C507}.Release|Any CPU.Build.0 = Release|Any CPU
		{5B863B6E-8564-4CC6-87C0-BF9E35F72005}.Debug|Any CPU.ActiveCfg = Debug|Any CPU
		{5B863B6E-8564-4CC6-87C0-BF9E35F72005}.Debug|Any CPU.Build.0 = Debug|Any CPU
		{5B863B6E-8564-4CC6-87C0-BF9E35F72005}.Release|Any CPU.ActiveCfg = Release|Any CPU
		{5B863B6E-8564-4CC6-87C0-BF9E35F72005}.Release|Any CPU.Build.0 = Release|Any CPU
		{12C7AA2A-05E6-476F-A15A-4C4712D92717}.Debug|Any CPU.ActiveCfg = Debug|Any CPU
		{12C7AA2A-05E6-476F-A15A-4C4712D92717}.Debug|Any CPU.Build.0 = Debug|Any CPU
		{12C7AA2A-05E6-476F-A15A-4C4712D92717}.Release|Any CPU.ActiveCfg = Release|Any CPU
		{12C7AA2A-05E6-476F-A15A-4C4712D92717}.Release|Any CPU.Build.0 = Release|Any CPU
		{599176C8-BCE4-4EEC-AD0B-A1890AF6CC67}.Debug|Any CPU.ActiveCfg = Debug|Any CPU
		{599176C8-BCE4-4EEC-AD0B-A1890AF6CC67}.Debug|Any CPU.Build.0 = Debug|Any CPU
		{599176C8-BCE4-4EEC-AD0B-A1890AF6CC67}.Release|Any CPU.ActiveCfg = Release|Any CPU
		{599176C8-BCE4-4EEC-AD0B-A1890AF6CC67}.Release|Any CPU.Build.0 = Release|Any CPU
		{AFCEF9FE-1B21-4522-A2F7-C1E28C9EC4C6}.Debug|Any CPU.ActiveCfg = Debug|Any CPU
		{AFCEF9FE-1B21-4522-A2F7-C1E28C9EC4C6}.Debug|Any CPU.Build.0 = Debug|Any CPU
		{AFCEF9FE-1B21-4522-A2F7-C1E28C9EC4C6}.Release|Any CPU.ActiveCfg = Release|Any CPU
		{AFCEF9FE-1B21-4522-A2F7-C1E28C9EC4C6}.Release|Any CPU.Build.0 = Release|Any CPU
		{8C6C5DA9-4AC7-4A64-B688-439651663265}.Debug|Any CPU.ActiveCfg = Debug|Any CPU
		{8C6C5DA9-4AC7-4A64-B688-439651663265}.Debug|Any CPU.Build.0 = Debug|Any CPU
		{8C6C5DA9-4AC7-4A64-B688-439651663265}.Release|Any CPU.ActiveCfg = Release|Any CPU
		{8C6C5DA9-4AC7-4A64-B688-439651663265}.Release|Any CPU.Build.0 = Release|Any CPU
		{F9C25C40-FDFA-4497-917C-0F5A50A0A045}.Debug|Any CPU.ActiveCfg = Debug|Any CPU
		{F9C25C40-FDFA-4497-917C-0F5A50A0A045}.Debug|Any CPU.Build.0 = Debug|Any CPU
		{F9C25C40-FDFA-4497-917C-0F5A50A0A045}.Release|Any CPU.ActiveCfg = Release|Any CPU
		{F9C25C40-FDFA-4497-917C-0F5A50A0A045}.Release|Any CPU.Build.0 = Release|Any CPU
		{38C055A3-7DDE-44A3-BD82-9CE8A9447EB6}.Debug|Any CPU.ActiveCfg = Debug|Any CPU
		{38C055A3-7DDE-44A3-BD82-9CE8A9447EB6}.Debug|Any CPU.Build.0 = Debug|Any CPU
		{38C055A3-7DDE-44A3-BD82-9CE8A9447EB6}.Release|Any CPU.ActiveCfg = Release|Any CPU
		{38C055A3-7DDE-44A3-BD82-9CE8A9447EB6}.Release|Any CPU.Build.0 = Release|Any CPU
		{55AC9A6C-83BC-44C6-A07D-A61EBCFC1C6C}.Debug|Any CPU.ActiveCfg = Debug|Any CPU
		{55AC9A6C-83BC-44C6-A07D-A61EBCFC1C6C}.Debug|Any CPU.Build.0 = Debug|Any CPU
		{55AC9A6C-83BC-44C6-A07D-A61EBCFC1C6C}.Release|Any CPU.ActiveCfg = Release|Any CPU
		{55AC9A6C-83BC-44C6-A07D-A61EBCFC1C6C}.Release|Any CPU.Build.0 = Release|Any CPU
		{15ADFCBE-9B56-7B0A-7AE5-771D29B1F4C9}.Debug|Any CPU.ActiveCfg = Debug|Any CPU
		{15ADFCBE-9B56-7B0A-7AE5-771D29B1F4C9}.Debug|Any CPU.Build.0 = Debug|Any CPU
		{15ADFCBE-9B56-7B0A-7AE5-771D29B1F4C9}.Release|Any CPU.ActiveCfg = Release|Any CPU
		{15ADFCBE-9B56-7B0A-7AE5-771D29B1F4C9}.Release|Any CPU.Build.0 = Release|Any CPU
		{044DE341-433F-5702-4D82-2BB3FD3832E3}.Debug|Any CPU.ActiveCfg = Debug|Any CPU
		{044DE341-433F-5702-4D82-2BB3FD3832E3}.Debug|Any CPU.Build.0 = Debug|Any CPU
		{044DE341-433F-5702-4D82-2BB3FD3832E3}.Release|Any CPU.ActiveCfg = Release|Any CPU
		{044DE341-433F-5702-4D82-2BB3FD3832E3}.Release|Any CPU.Build.0 = Release|Any CPU
		{92C92FD4-253A-352A-CA1D-8ACA5E5F3868}.Debug|Any CPU.ActiveCfg = Debug|Any CPU
		{92C92FD4-253A-352A-CA1D-8ACA5E5F3868}.Debug|Any CPU.Build.0 = Debug|Any CPU
		{92C92FD4-253A-352A-CA1D-8ACA5E5F3868}.Release|Any CPU.ActiveCfg = Release|Any CPU
		{92C92FD4-253A-352A-CA1D-8ACA5E5F3868}.Release|Any CPU.Build.0 = Release|Any CPU
		{FABC0CC8-7E79-3D9B-8D56-17C4207BB104}.Debug|Any CPU.ActiveCfg = Debug|Any CPU
		{FABC0CC8-7E79-3D9B-8D56-17C4207BB104}.Debug|Any CPU.Build.0 = Debug|Any CPU
		{FABC0CC8-7E79-3D9B-8D56-17C4207BB104}.Release|Any CPU.ActiveCfg = Release|Any CPU
		{FABC0CC8-7E79-3D9B-8D56-17C4207BB104}.Release|Any CPU.Build.0 = Release|Any CPU
		{FEBF851F-917B-C45E-D2B8-7873FE9FDB40}.Debug|Any CPU.ActiveCfg = Debug|Any CPU
		{FEBF851F-917B-C45E-D2B8-7873FE9FDB40}.Debug|Any CPU.Build.0 = Debug|Any CPU
		{FEBF851F-917B-C45E-D2B8-7873FE9FDB40}.Release|Any CPU.ActiveCfg = Release|Any CPU
		{FEBF851F-917B-C45E-D2B8-7873FE9FDB40}.Release|Any CPU.Build.0 = Release|Any CPU
		{020FEBEF-172F-4BCB-9E6B-A0CD937D9B37}.Debug|Any CPU.ActiveCfg = Debug|Any CPU
		{020FEBEF-172F-4BCB-9E6B-A0CD937D9B37}.Debug|Any CPU.Build.0 = Debug|Any CPU
		{020FEBEF-172F-4BCB-9E6B-A0CD937D9B37}.Release|Any CPU.ActiveCfg = Release|Any CPU
		{020FEBEF-172F-4BCB-9E6B-A0CD937D9B37}.Release|Any CPU.Build.0 = Release|Any CPU
		{5C6CEF8E-1052-448E-9E57-5AE8BE92E7F0}.Debug|Any CPU.ActiveCfg = Debug|Any CPU
		{5C6CEF8E-1052-448E-9E57-5AE8BE92E7F0}.Debug|Any CPU.Build.0 = Debug|Any CPU
		{5C6CEF8E-1052-448E-9E57-5AE8BE92E7F0}.Release|Any CPU.ActiveCfg = Release|Any CPU
		{5C6CEF8E-1052-448E-9E57-5AE8BE92E7F0}.Release|Any CPU.Build.0 = Release|Any CPU
		{E240D6BA-4109-416D-8E6D-915F6B308832}.Debug|Any CPU.ActiveCfg = Debug|Any CPU
		{E240D6BA-4109-416D-8E6D-915F6B308832}.Debug|Any CPU.Build.0 = Debug|Any CPU
		{E240D6BA-4109-416D-8E6D-915F6B308832}.Release|Any CPU.ActiveCfg = Release|Any CPU
		{E240D6BA-4109-416D-8E6D-915F6B308832}.Release|Any CPU.Build.0 = Release|Any CPU
		{9488612E-48B4-4BBE-88CC-7272B51A9759}.Debug|Any CPU.ActiveCfg = Debug|Any CPU
		{9488612E-48B4-4BBE-88CC-7272B51A9759}.Debug|Any CPU.Build.0 = Debug|Any CPU
		{9488612E-48B4-4BBE-88CC-7272B51A9759}.Release|Any CPU.ActiveCfg = Release|Any CPU
		{9488612E-48B4-4BBE-88CC-7272B51A9759}.Release|Any CPU.Build.0 = Release|Any CPU
		{77782808-150B-4121-ADC7-94D5459B70C7}.Debug|Any CPU.ActiveCfg = Debug|Any CPU
		{77782808-150B-4121-ADC7-94D5459B70C7}.Debug|Any CPU.Build.0 = Debug|Any CPU
		{77782808-150B-4121-ADC7-94D5459B70C7}.Release|Any CPU.ActiveCfg = Release|Any CPU
		{77782808-150B-4121-ADC7-94D5459B70C7}.Release|Any CPU.Build.0 = Release|Any CPU
		{9B016459-ADEB-4DFD-8210-79AC497CA2EE}.Debug|Any CPU.ActiveCfg = Debug|Any CPU
		{9B016459-ADEB-4DFD-8210-79AC497CA2EE}.Debug|Any CPU.Build.0 = Debug|Any CPU
		{9B016459-ADEB-4DFD-8210-79AC497CA2EE}.Release|Any CPU.ActiveCfg = Release|Any CPU
		{9B016459-ADEB-4DFD-8210-79AC497CA2EE}.Release|Any CPU.Build.0 = Release|Any CPU
		{DA81F099-9223-4D60-8D44-C606EA77A92A}.Debug|Any CPU.ActiveCfg = Debug|Any CPU
		{DA81F099-9223-4D60-8D44-C606EA77A92A}.Debug|Any CPU.Build.0 = Debug|Any CPU
		{DA81F099-9223-4D60-8D44-C606EA77A92A}.Release|Any CPU.ActiveCfg = Release|Any CPU
		{DA81F099-9223-4D60-8D44-C606EA77A92A}.Release|Any CPU.Build.0 = Release|Any CPU
		{0CCDFB2A-4F6D-42A5-8B42-7EF30279CC9F}.Debug|Any CPU.ActiveCfg = Debug|Any CPU
		{0CCDFB2A-4F6D-42A5-8B42-7EF30279CC9F}.Debug|Any CPU.Build.0 = Debug|Any CPU
		{0CCDFB2A-4F6D-42A5-8B42-7EF30279CC9F}.Release|Any CPU.ActiveCfg = Release|Any CPU
		{0CCDFB2A-4F6D-42A5-8B42-7EF30279CC9F}.Release|Any CPU.Build.0 = Release|Any CPU
		{1A48D289-D00F-443D-ACAC-8A12AC64FA2E}.Debug|Any CPU.ActiveCfg = Debug|Any CPU
		{1A48D289-D00F-443D-ACAC-8A12AC64FA2E}.Debug|Any CPU.Build.0 = Debug|Any CPU
		{1A48D289-D00F-443D-ACAC-8A12AC64FA2E}.Release|Any CPU.ActiveCfg = Release|Any CPU
		{1A48D289-D00F-443D-ACAC-8A12AC64FA2E}.Release|Any CPU.Build.0 = Release|Any CPU
		{B2991634-5047-415B-8F3C-D540D94BFC10}.Debug|Any CPU.ActiveCfg = Debug|Any CPU
		{B2991634-5047-415B-8F3C-D540D94BFC10}.Debug|Any CPU.Build.0 = Debug|Any CPU
		{B2991634-5047-415B-8F3C-D540D94BFC10}.Release|Any CPU.ActiveCfg = Release|Any CPU
		{B2991634-5047-415B-8F3C-D540D94BFC10}.Release|Any CPU.Build.0 = Release|Any CPU
		{7FFEE449-7DC1-4740-BFAF-875E61488EA3}.Debug|Any CPU.ActiveCfg = Debug|Any CPU
		{7FFEE449-7DC1-4740-BFAF-875E61488EA3}.Debug|Any CPU.Build.0 = Debug|Any CPU
		{7FFEE449-7DC1-4740-BFAF-875E61488EA3}.Release|Any CPU.ActiveCfg = Release|Any CPU
		{7FFEE449-7DC1-4740-BFAF-875E61488EA3}.Release|Any CPU.Build.0 = Release|Any CPU
		{30B4817A-7DAF-491A-9684-D539D9501A54}.Debug|Any CPU.ActiveCfg = Debug|Any CPU
		{30B4817A-7DAF-491A-9684-D539D9501A54}.Debug|Any CPU.Build.0 = Debug|Any CPU
		{30B4817A-7DAF-491A-9684-D539D9501A54}.Release|Any CPU.ActiveCfg = Release|Any CPU
		{30B4817A-7DAF-491A-9684-D539D9501A54}.Release|Any CPU.Build.0 = Release|Any CPU
		{D9F797E9-A875-42FD-9B56-554398F82764}.Debug|Any CPU.ActiveCfg = Debug|Any CPU
		{D9F797E9-A875-42FD-9B56-554398F82764}.Debug|Any CPU.Build.0 = Debug|Any CPU
		{D9F797E9-A875-42FD-9B56-554398F82764}.Release|Any CPU.ActiveCfg = Release|Any CPU
		{D9F797E9-A875-42FD-9B56-554398F82764}.Release|Any CPU.Build.0 = Release|Any CPU
		{6686D88B-A0E7-4CD2-8098-819F368B9582}.Debug|Any CPU.ActiveCfg = Debug|Any CPU
		{6686D88B-A0E7-4CD2-8098-819F368B9582}.Debug|Any CPU.Build.0 = Debug|Any CPU
		{6686D88B-A0E7-4CD2-8098-819F368B9582}.Release|Any CPU.ActiveCfg = Release|Any CPU
		{6686D88B-A0E7-4CD2-8098-819F368B9582}.Release|Any CPU.Build.0 = Release|Any CPU
		{DACE426D-71AE-4CFC-A0C3-097C38DBDE0F}.Debug|Any CPU.ActiveCfg = Debug|Any CPU
		{DACE426D-71AE-4CFC-A0C3-097C38DBDE0F}.Debug|Any CPU.Build.0 = Debug|Any CPU
		{DACE426D-71AE-4CFC-A0C3-097C38DBDE0F}.Release|Any CPU.ActiveCfg = Release|Any CPU
		{DACE426D-71AE-4CFC-A0C3-097C38DBDE0F}.Release|Any CPU.Build.0 = Release|Any CPU
		{468A7841-4787-4452-BF0D-22CB93864359}.Debug|Any CPU.ActiveCfg = Debug|Any CPU
		{468A7841-4787-4452-BF0D-22CB93864359}.Debug|Any CPU.Build.0 = Debug|Any CPU
		{468A7841-4787-4452-BF0D-22CB93864359}.Release|Any CPU.ActiveCfg = Release|Any CPU
		{468A7841-4787-4452-BF0D-22CB93864359}.Release|Any CPU.Build.0 = Release|Any CPU
		{32E8E25C-36CE-4400-BF99-A89495CA86B3}.Debug|Any CPU.ActiveCfg = Debug|Any CPU
		{32E8E25C-36CE-4400-BF99-A89495CA86B3}.Debug|Any CPU.Build.0 = Debug|Any CPU
		{32E8E25C-36CE-4400-BF99-A89495CA86B3}.Release|Any CPU.ActiveCfg = Release|Any CPU
		{32E8E25C-36CE-4400-BF99-A89495CA86B3}.Release|Any CPU.Build.0 = Release|Any CPU
	EndGlobalSection
	GlobalSection(SolutionProperties) = preSolution
		HideSolutionNode = FALSE
	EndGlobalSection
	GlobalSection(NestedProjects) = preSolution
		{15ADFCBE-9B56-7B0A-7AE5-771D29B1F4C9} = {02EA681E-C7D8-13C7-8484-4AC65E1B71E8}
		{044DE341-433F-5702-4D82-2BB3FD3832E3} = {02EA681E-C7D8-13C7-8484-4AC65E1B71E8}
		{92C92FD4-253A-352A-CA1D-8ACA5E5F3868} = {02EA681E-C7D8-13C7-8484-4AC65E1B71E8}
		{FABC0CC8-7E79-3D9B-8D56-17C4207BB104} = {02EA681E-C7D8-13C7-8484-4AC65E1B71E8}
		{FEBF851F-917B-C45E-D2B8-7873FE9FDB40} = {02EA681E-C7D8-13C7-8484-4AC65E1B71E8}
		{020FEBEF-172F-4BCB-9E6B-A0CD937D9B37} = {02EA681E-C7D8-13C7-8484-4AC65E1B71E8}
		{5C6CEF8E-1052-448E-9E57-5AE8BE92E7F0} = {92380172-E4DC-4516-BF5B-844FB3C2FDB9}
		{E240D6BA-4109-416D-8E6D-915F6B308832} = {92380172-E4DC-4516-BF5B-844FB3C2FDB9}
		{9488612E-48B4-4BBE-88CC-7272B51A9759} = {92380172-E4DC-4516-BF5B-844FB3C2FDB9}
		{77782808-150B-4121-ADC7-94D5459B70C7} = {92380172-E4DC-4516-BF5B-844FB3C2FDB9}
		{9B016459-ADEB-4DFD-8210-79AC497CA2EE} = {92380172-E4DC-4516-BF5B-844FB3C2FDB9}
		{DA81F099-9223-4D60-8D44-C606EA77A92A} = {3D45DE28-8EFB-4AF0-8CAD-EF185985D59C}
		{0CCDFB2A-4F6D-42A5-8B42-7EF30279CC9F} = {3D45DE28-8EFB-4AF0-8CAD-EF185985D59C}
		{1A48D289-D00F-443D-ACAC-8A12AC64FA2E} = {3D45DE28-8EFB-4AF0-8CAD-EF185985D59C}
		{B2991634-5047-415B-8F3C-D540D94BFC10} = {3D45DE28-8EFB-4AF0-8CAD-EF185985D59C}
		{7FFEE449-7DC1-4740-BFAF-875E61488EA3} = {3D45DE28-8EFB-4AF0-8CAD-EF185985D59C}
		{30B4817A-7DAF-491A-9684-D539D9501A54} = {627812CA-5872-49BC-9AE5-295D5876684E}
		{D9F797E9-A875-42FD-9B56-554398F82764} = {627812CA-5872-49BC-9AE5-295D5876684E}
		{6686D88B-A0E7-4CD2-8098-819F368B9582} = {627812CA-5872-49BC-9AE5-295D5876684E}
		{DACE426D-71AE-4CFC-A0C3-097C38DBDE0F} = {627812CA-5872-49BC-9AE5-295D5876684E}
		{468A7841-4787-4452-BF0D-22CB93864359} = {627812CA-5872-49BC-9AE5-295D5876684E}
		{32E8E25C-36CE-4400-BF99-A89495CA86B3} = {83864616-49B6-4D11-910A-44B563D07AE5}
	EndGlobalSection
	GlobalSection(ExtensibilityGlobals) = postSolution
		SolutionGuid = {6951163F-BB8A-4782-B219-B7A4A5505433}
	EndGlobalSection
EndGlobal
